// !$*UTF8*$!
{
	archiveVersion = 1;
	classes = {
	};
	objectVersion = 50;
	objects = {

/* Begin PBXBuildFile section */
		9502EE0926EF9B7300EF2458 /* ResultView.swift in Sources */ = {isa = PBXBuildFile; fileRef = 9502EE0826EF9B7300EF2458 /* ResultView.swift */; };
		955DB8BF26F1AE100006D2A6 /* StartView.swift in Sources */ = {isa = PBXBuildFile; fileRef = 955DB8BE26F1AE100006D2A6 /* StartView.swift */; };
		95FA0F5626EEE475005D7A66 /* AppDelegate.swift in Sources */ = {isa = PBXBuildFile; fileRef = 95FA0F5526EEE475005D7A66 /* AppDelegate.swift */; };
		95FA0F5826EEE475005D7A66 /* SceneDelegate.swift in Sources */ = {isa = PBXBuildFile; fileRef = 95FA0F5726EEE475005D7A66 /* SceneDelegate.swift */; };
		95FA0F5A26EEE475005D7A66 /* ViewController.swift in Sources */ = {isa = PBXBuildFile; fileRef = 95FA0F5926EEE475005D7A66 /* ViewController.swift */; };
		95FA0F5D26EEE475005D7A66 /* Main.storyboard in Resources */ = {isa = PBXBuildFile; fileRef = 95FA0F5B26EEE475005D7A66 /* Main.storyboard */; };
		95FA0F6026EEE475005D7A66 /* CatMBTI.xcdatamodeld in Sources */ = {isa = PBXBuildFile; fileRef = 95FA0F5E26EEE475005D7A66 /* CatMBTI.xcdatamodeld */; };
		95FA0F6226EEE476005D7A66 /* Assets.xcassets in Resources */ = {isa = PBXBuildFile; fileRef = 95FA0F6126EEE476005D7A66 /* Assets.xcassets */; };
		95FA0F6526EEE476005D7A66 /* LaunchScreen.storyboard in Resources */ = {isa = PBXBuildFile; fileRef = 95FA0F6326EEE476005D7A66 /* LaunchScreen.storyboard */; };
/* End PBXBuildFile section */

/* Begin PBXFileReference section */
		9502EE0826EF9B7300EF2458 /* ResultView.swift */ = {isa = PBXFileReference; lastKnownFileType = sourcecode.swift; path = ResultView.swift; sourceTree = "<group>"; };
		955DB8BE26F1AE100006D2A6 /* StartView.swift */ = {isa = PBXFileReference; lastKnownFileType = sourcecode.swift; path = StartView.swift; sourceTree = "<group>"; };
		95FA0F5226EEE475005D7A66 /* CatMBTI.app */ = {isa = PBXFileReference; explicitFileType = wrapper.application; includeInIndex = 0; path = CatMBTI.app; sourceTree = BUILT_PRODUCTS_DIR; };
		95FA0F5526EEE475005D7A66 /* AppDelegate.swift */ = {isa = PBXFileReference; lastKnownFileType = sourcecode.swift; path = AppDelegate.swift; sourceTree = "<group>"; };
		95FA0F5726EEE475005D7A66 /* SceneDelegate.swift */ = {isa = PBXFileReference; lastKnownFileType = sourcecode.swift; path = SceneDelegate.swift; sourceTree = "<group>"; };
		95FA0F5926EEE475005D7A66 /* ViewController.swift */ = {isa = PBXFileReference; lastKnownFileType = sourcecode.swift; path = ViewController.swift; sourceTree = "<group>"; };
		95FA0F5C26EEE475005D7A66 /* Base */ = {isa = PBXFileReference; lastKnownFileType = file.storyboard; name = Base; path = Base.lproj/Main.storyboard; sourceTree = "<group>"; };
		95FA0F5F26EEE475005D7A66 /* CatMBTI.xcdatamodel */ = {isa = PBXFileReference; lastKnownFileType = wrapper.xcdatamodel; path = CatMBTI.xcdatamodel; sourceTree = "<group>"; };
		95FA0F6126EEE476005D7A66 /* Assets.xcassets */ = {isa = PBXFileReference; lastKnownFileType = folder.assetcatalog; path = Assets.xcassets; sourceTree = "<group>"; };
		95FA0F6426EEE476005D7A66 /* Base */ = {isa = PBXFileReference; lastKnownFileType = file.storyboard; name = Base; path = Base.lproj/LaunchScreen.storyboard; sourceTree = "<group>"; };
		95FA0F6626EEE476005D7A66 /* Info.plist */ = {isa = PBXFileReference; lastKnownFileType = text.plist.xml; path = Info.plist; sourceTree = "<group>"; };
/* End PBXFileReference section */

/* Begin PBXFrameworksBuildPhase section */
		95FA0F4F26EEE475005D7A66 /* Frameworks */ = {
			isa = PBXFrameworksBuildPhase;
			buildActionMask = 2147483647;
			files = (
			);
			runOnlyForDeploymentPostprocessing = 0;
		};
/* End PBXFrameworksBuildPhase section */

/* Begin PBXGroup section */
		95FA0F4926EEE475005D7A66 = {
			isa = PBXGroup;
			children = (
				95FA0F5426EEE475005D7A66 /* CatMBTI */,
				95FA0F5326EEE475005D7A66 /* Products */,
			);
			sourceTree = "<group>";
		};
		95FA0F5326EEE475005D7A66 /* Products */ = {
			isa = PBXGroup;
			children = (
				95FA0F5226EEE475005D7A66 /* CatMBTI.app */,
			);
			name = Products;
			sourceTree = "<group>";
		};
		95FA0F5426EEE475005D7A66 /* CatMBTI */ = {
			isa = PBXGroup;
			children = (
				95FA0F5526EEE475005D7A66 /* AppDelegate.swift */,
				95FA0F5726EEE475005D7A66 /* SceneDelegate.swift */,
				95FA0F5926EEE475005D7A66 /* ViewController.swift */,
				95FA0F5B26EEE475005D7A66 /* Main.storyboard */,
				95FA0F6126EEE476005D7A66 /* Assets.xcassets */,
				95FA0F6326EEE476005D7A66 /* LaunchScreen.storyboard */,
				95FA0F6626EEE476005D7A66 /* Info.plist */,
				95FA0F5E26EEE475005D7A66 /* CatMBTI.xcdatamodeld */,
				9502EE0826EF9B7300EF2458 /* ResultView.swift */,
				955DB8BE26F1AE100006D2A6 /* StartView.swift */,
			);
			path = CatMBTI;
			sourceTree = "<group>";
		};
/* End PBXGroup section */

/* Begin PBXNativeTarget section */
		95FA0F5126EEE475005D7A66 /* CatMBTI */ = {
			isa = PBXNativeTarget;
			buildConfigurationList = 95FA0F6926EEE476005D7A66 /* Build configuration list for PBXNativeTarget "CatMBTI" */;
			buildPhases = (
				95FA0F4E26EEE475005D7A66 /* Sources */,
				95FA0F4F26EEE475005D7A66 /* Frameworks */,
				95FA0F5026EEE475005D7A66 /* Resources */,
			);
			buildRules = (
			);
			dependencies = (
			);
			name = CatMBTI;
			productName = CatMBTI;
			productReference = 95FA0F5226EEE475005D7A66 /* CatMBTI.app */;
			productType = "com.apple.product-type.application";
		};
/* End PBXNativeTarget section */

/* Begin PBXProject section */
		95FA0F4A26EEE475005D7A66 /* Project object */ = {
			isa = PBXProject;
			attributes = {
				LastSwiftUpdateCheck = 1250;
				LastUpgradeCheck = 1250;
				TargetAttributes = {
					95FA0F5126EEE475005D7A66 = {
						CreatedOnToolsVersion = 12.5.1;
					};
				};
			};
			buildConfigurationList = 95FA0F4D26EEE475005D7A66 /* Build configuration list for PBXProject "CatMBTI" */;
			compatibilityVersion = "Xcode 9.3";
			developmentRegion = en;
			hasScannedForEncodings = 0;
			knownRegions = (
				en,
				Base,
			);
			mainGroup = 95FA0F4926EEE475005D7A66;
			productRefGroup = 95FA0F5326EEE475005D7A66 /* Products */;
			projectDirPath = "";
			projectRoot = "";
			targets = (
				95FA0F5126EEE475005D7A66 /* CatMBTI */,
			);
		};
/* End PBXProject section */

/* Begin PBXResourcesBuildPhase section */
		95FA0F5026EEE475005D7A66 /* Resources */ = {
			isa = PBXResourcesBuildPhase;
			buildActionMask = 2147483647;
			files = (
				95FA0F6526EEE476005D7A66 /* LaunchScreen.storyboard in Resources */,
				95FA0F6226EEE476005D7A66 /* Assets.xcassets in Resources */,
				95FA0F5D26EEE475005D7A66 /* Main.storyboard in Resources */,
			);
			runOnlyForDeploymentPostprocessing = 0;
		};
/* End PBXResourcesBuildPhase section */

/* Begin PBXSourcesBuildPhase section */
		95FA0F4E26EEE475005D7A66 /* Sources */ = {
			isa = PBXSourcesBuildPhase;
			buildActionMask = 2147483647;
			files = (
				95FA0F6026EEE475005D7A66 /* CatMBTI.xcdatamodeld in Sources */,
				95FA0F5A26EEE475005D7A66 /* ViewController.swift in Sources */,
				9502EE0926EF9B7300EF2458 /* ResultView.swift in Sources */,
				955DB8BF26F1AE100006D2A6 /* StartView.swift in Sources */,
				95FA0F5626EEE475005D7A66 /* AppDelegate.swift in Sources */,
				95FA0F5826EEE475005D7A66 /* SceneDelegate.swift in Sources */,
			);
			runOnlyForDeploymentPostprocessing = 0;
		};
/* End PBXSourcesBuildPhase section */

/* Begin PBXVariantGroup section */
		95FA0F5B26EEE475005D7A66 /* Main.storyboard */ = {
			isa = PBXVariantGroup;
			children = (
				95FA0F5C26EEE475005D7A66 /* Base */,
			);
			name = Main.storyboard;
			sourceTree = "<group>";
		};
		95FA0F6326EEE476005D7A66 /* LaunchScreen.storyboard */ = {
			isa = PBXVariantGroup;
			children = (
				95FA0F6426EEE476005D7A66 /* Base */,
			);
			name = LaunchScreen.storyboard;
			sourceTree = "<group>";
		};
/* End PBXVariantGroup section */

/* Begin XCBuildConfiguration section */
		95FA0F6726EEE476005D7A66 /* Debug */ = {
			isa = XCBuildConfiguration;
			buildSettings = {
				ALWAYS_SEARCH_USER_PATHS = NO;
				CLANG_ANALYZER_NONNULL = YES;
				CLANG_ANALYZER_NUMBER_OBJECT_CONVERSION = YES_AGGRESSIVE;
				CLANG_CXX_LANGUAGE_STANDARD = "gnu++14";
				CLANG_CXX_LIBRARY = "libc++";
				CLANG_ENABLE_MODULES = YES;
				CLANG_ENABLE_OBJC_ARC = YES;
				CLANG_ENABLE_OBJC_WEAK = YES;
				CLANG_WARN_BLOCK_CAPTURE_AUTORELEASING = YES;
				CLANG_WARN_BOOL_CONVERSION = YES;
				CLANG_WARN_COMMA = YES;
				CLANG_WARN_CONSTANT_CONVERSION = YES;
				CLANG_WARN_DEPRECATED_OBJC_IMPLEMENTATIONS = YES;
				CLANG_WARN_DIRECT_OBJC_ISA_USAGE = YES_ERROR;
				CLANG_WARN_DOCUMENTATION_COMMENTS = YES;
				CLANG_WARN_EMPTY_BODY = YES;
				CLANG_WARN_ENUM_CONVERSION = YES;
				CLANG_WARN_INFINITE_RECURSION = YES;
				CLANG_WARN_INT_CONVERSION = YES;
				CLANG_WARN_NON_LITERAL_NULL_CONVERSION = YES;
				CLANG_WARN_OBJC_IMPLICIT_RETAIN_SELF = YES;
				CLANG_WARN_OBJC_LITERAL_CONVERSION = YES;
				CLANG_WARN_OBJC_ROOT_CLASS = YES_ERROR;
				CLANG_WARN_QUOTED_INCLUDE_IN_FRAMEWORK_HEADER = YES;
				CLANG_WARN_RANGE_LOOP_ANALYSIS = YES;
				CLANG_WARN_STRICT_PROTOTYPES = YES;
				CLANG_WARN_SUSPICIOUS_MOVE = YES;
				CLANG_WARN_UNGUARDED_AVAILABILITY = YES_AGGRESSIVE;
				CLANG_WARN_UNREACHABLE_CODE = YES;
				CLANG_WARN__DUPLICATE_METHOD_MATCH = YES;
				COPY_PHASE_STRIP = NO;
				DEBUG_INFORMATION_FORMAT = dwarf;
				ENABLE_STRICT_OBJC_MSGSEND = YES;
				ENABLE_TESTABILITY = YES;
				GCC_C_LANGUAGE_STANDARD = gnu11;
				GCC_DYNAMIC_NO_PIC = NO;
				GCC_NO_COMMON_BLOCKS = YES;
				GCC_OPTIMIZATION_LEVEL = 0;
				GCC_PREPROCESSOR_DEFINITIONS = (
					"DEBUG=1",
					"$(inherited)",
				);
				GCC_WARN_64_TO_32_BIT_CONVERSION = YES;
				GCC_WARN_ABOUT_RETURN_TYPE = YES_ERROR;
				GCC_WARN_UNDECLARED_SELECTOR = YES;
				GCC_WARN_UNINITIALIZED_AUTOS = YES_AGGRESSIVE;
				GCC_WARN_UNUSED_FUNCTION = YES;
				GCC_WARN_UNUSED_VARIABLE = YES;
				IPHONEOS_DEPLOYMENT_TARGET = 14.5;
				MTL_ENABLE_DEBUG_INFO = INCLUDE_SOURCE;
				MTL_FAST_MATH = YES;
				ONLY_ACTIVE_ARCH = YES;
				SDKROOT = iphoneos;
				SWIFT_ACTIVE_COMPILATION_CONDITIONS = DEBUG;
				SWIFT_OPTIMIZATION_LEVEL = "-Onone";
			};
			name = Debug;
		};
		95FA0F6826EEE476005D7A66 /* Release */ = {
			isa = XCBuildConfiguration;
			buildSettings = {
				ALWAYS_SEARCH_USER_PATHS = NO;
				CLANG_ANALYZER_NONNULL = YES;
				CLANG_ANALYZER_NUMBER_OBJECT_CONVERSION = YES_AGGRESSIVE;
				CLANG_CXX_LANGUAGE_STANDARD = "gnu++14";
				CLANG_CXX_LIBRARY = "libc++";
				CLANG_ENABLE_MODULES = YES;
				CLANG_ENABLE_OBJC_ARC = YES;
				CLANG_ENABLE_OBJC_WEAK = YES;
				CLANG_WARN_BLOCK_CAPTURE_AUTORELEASING = YES;
				CLANG_WARN_BOOL_CONVERSION = YES;
				CLANG_WARN_COMMA = YES;
				CLANG_WARN_CONSTANT_CONVERSION = YES;
				CLANG_WARN_DEPRECATED_OBJC_IMPLEMENTATIONS = YES;
				CLANG_WARN_DIRECT_OBJC_ISA_USAGE = YES_ERROR;
				CLANG_WARN_DOCUMENTATION_COMMENTS = YES;
				CLANG_WARN_EMPTY_BODY = YES;
				CLANG_WARN_ENUM_CONVERSION = YES;
				CLANG_WARN_INFINITE_RECURSION = YES;
				CLANG_WARN_INT_CONVERSION = YES;
				CLANG_WARN_NON_LITERAL_NULL_CONVERSION = YES;
				CLANG_WARN_OBJC_IMPLICIT_RETAIN_SELF = YES;
				CLANG_WARN_OBJC_LITERAL_CONVERSION = YES;
				CLANG_WARN_OBJC_ROOT_CLASS = YES_ERROR;
				CLANG_WARN_QUOTED_INCLUDE_IN_FRAMEWORK_HEADER = YES;
				CLANG_WARN_RANGE_LOOP_ANALYSIS = YES;
				CLANG_WARN_STRICT_PROTOTYPES = YES;
				CLANG_WARN_SUSPICIOUS_MOVE = YES;
				CLANG_WARN_UNGUARDED_AVAILABILITY = YES_AGGRESSIVE;
				CLANG_WARN_UNREACHABLE_CODE = YES;
				CLANG_WARN__DUPLICATE_METHOD_MATCH = YES;
				COPY_PHASE_STRIP = NO;
				DEBUG_INFORMATION_FORMAT = "dwarf-with-dsym";
				ENABLE_NS_ASSERTIONS = NO;
				ENABLE_STRICT_OBJC_MSGSEND = YES;
				GCC_C_LANGUAGE_STANDARD = gnu11;
				GCC_NO_COMMON_BLOCKS = YES;
				GCC_WARN_64_TO_32_BIT_CONVERSION = YES;
				GCC_WARN_ABOUT_RETURN_TYPE = YES_ERROR;
				GCC_WARN_UNDECLARED_SELECTOR = YES;
				GCC_WARN_UNINITIALIZED_AUTOS = YES_AGGRESSIVE;
				GCC_WARN_UNUSED_FUNCTION = YES;
				GCC_WARN_UNUSED_VARIABLE = YES;
				IPHONEOS_DEPLOYMENT_TARGET = 14.5;
				MTL_ENABLE_DEBUG_INFO = NO;
				MTL_FAST_MATH = YES;
				SDKROOT = iphoneos;
				SWIFT_COMPILATION_MODE = wholemodule;
				SWIFT_OPTIMIZATION_LEVEL = "-O";
				VALIDATE_PRODUCT = YES;
			};
			name = Release;
		};
		95FA0F6A26EEE476005D7A66 /* Debug */ = {
			isa = XCBuildConfiguration;
			buildSettings = {
				ASSETCATALOG_COMPILER_APPICON_NAME = AppIcon;
				ASSETCATALOG_COMPILER_GLOBAL_ACCENT_COLOR_NAME = AccentColor;
				CODE_SIGN_STYLE = Automatic;
				DEVELOPMENT_TEAM = VL495S99QZ;
				INFOPLIST_FILE = CatMBTI/Info.plist;
				LD_RUNPATH_SEARCH_PATHS = (
					"$(inherited)",
					"@executable_path/Frameworks",
				);
				PRODUCT_BUNDLE_IDENTIFIER = com.mint.CatMBTI;
				PRODUCT_NAME = "$(TARGET_NAME)";
				SWIFT_VERSION = 5.0;
				TARGETED_DEVICE_FAMILY = "1,2";
			};
			name = Debug;
		};
		95FA0F6B26EEE476005D7A66 /* Release */ = {
			isa = XCBuildConfiguration;
			buildSettings = {
				ASSETCATALOG_COMPILER_APPICON_NAME = AppIcon;
				ASSETCATALOG_COMPILER_GLOBAL_ACCENT_COLOR_NAME = AccentColor;
				CODE_SIGN_STYLE = Automatic;
				DEVELOPMENT_TEAM = VL495S99QZ;
				INFOPLIST_FILE = CatMBTI/Info.plist;
				LD_RUNPATH_SEARCH_PATHS = (
					"$(inherited)",
					"@executable_path/Frameworks",
				);
				PRODUCT_BUNDLE_IDENTIFIER = com.mint.CatMBTI;
				PRODUCT_NAME = "$(TARGET_NAME)";
				SWIFT_VERSION = 5.0;
				TARGETED_DEVICE_FAMILY = "1,2";
			};
			name = Release;
		};
/* End XCBuildConfiguration section */

/* Begin XCConfigurationList section */
		95FA0F4D26EEE475005D7A66 /* Build configuration list for PBXProject "CatMBTI" */ = {
			isa = XCConfigurationList;
			buildConfigurations = (
				95FA0F6726EEE476005D7A66 /* Debug */,
				95FA0F6826EEE476005D7A66 /* Release */,
			);
			defaultConfigurationIsVisible = 0;
			defaultConfigurationName = Release;
		};
		95FA0F6926EEE476005D7A66 /* Build configuration list for PBXNativeTarget "CatMBTI" */ = {
			isa = XCConfigurationList;
			buildConfigurations = (
				95FA0F6A26EEE476005D7A66 /* Debug */,
				95FA0F6B26EEE476005D7A66 /* Release */,
			);
			defaultConfigurationIsVisible = 0;
			defaultConfigurationName = Release;
		};
/* End XCConfigurationList section */

/* Begin XCVersionGroup section */
		95FA0F5E26EEE475005D7A66 /* CatMBTI.xcdatamodeld */ = {
			isa = XCVersionGroup;
			children = (
				95FA0F5F26EEE475005D7A66 /* CatMBTI.xcdatamodel */,
			);
			currentVersion = 95FA0F5F26EEE475005D7A66 /* CatMBTI.xcdatamodel */;
			path = CatMBTI.xcdatamodeld;
			sourceTree = "<group>";
			versionGroupType = wrapper.xcdatamodel;
		};
/* End XCVersionGroup section */
	};
	rootObject = 95FA0F4A26EEE475005D7A66 /* Project object */;
}
